
Microsoft Visual Studio Solution File, Format Version 12.00
Project("{FAE04EC0-301F-11D3-BF4B-00C04F79EFBC}") = "EventGridValidationTest.Api", "EventGridValidationTest.Api\EventGridValidationTest.Api.csproj", "{ED07AA7F-CF13-449D-9426-668C1B711C9C}"
EndProject
Global
	GlobalSection(SolutionConfigurationPlatforms) = preSolution
		Debug|Any CPU = Debug|Any CPU
		Release|Any CPU = Release|Any CPU
	EndGlobalSection
	GlobalSection(ProjectConfigurationPlatforms) = postSolution
		{ED07AA7F-CF13-449D-9426-668C1B711C9C}.Debug|Any CPU.ActiveCfg = Debug|Any CPU
		{ED07AA7F-CF13-449D-9426-668C1B711C9C}.Debug|Any CPU.Build.0 = Debug|Any CPU
		{ED07AA7F-CF13-449D-9426-668C1B711C9C}.Release|Any CPU.ActiveCfg = Release|Any CPU
		{ED07AA7F-CF13-449D-9426-668C1B711C9C}.Release|Any CPU.Build.0 = Release|Any CPU
	EndGlobalSection
EndGlobal
